Microsoft Visual Studio Solution File, Format Version 12.00
# Visual Studio Version 17
VisualStudioVersion = 17.5.2.0
MinimumVisualStudioVersion = 10.0.40219.1
Project("{FAE04EC0-301F-11D3-BF4B-00C04F79EFBC}") = "SofaScore.Api", "SofaScore.Api\SofaScore.Api.csproj", "{66119C7C-50F0-683C-F535-BC88E30A1736}"
EndProject
Global
	GlobalSection(SolutionConfigurationPlatforms) = preSolution
		Debug|Any CPU = Debug|Any CPU
		Release|Any CPU = Release|Any CPU
	EndGlobalSection
	GlobalSection(ProjectConfigurationPlatforms) = postSolution
		{66119C7C-50F0-683C-F535-BC88E30A1736}.Debug|Any CPU.ActiveCfg = Debug|Any CPU
		{66119C7C-50F0-683C-F535-BC88E30A1736}.Debug|Any CPU.Build.0 = Debug|Any CPU
		{66119C7C-50F0-683C-F535-BC88E30A1736}.Release|Any CPU.ActiveCfg = Release|Any CPU
		{66119C7C-50F0-683C-F535-BC88E30A1736}.Release|Any CPU.Build.0 = Release|Any CPU
	EndGlobalSection
	GlobalSection(SolutionProperties) = preSolution
		HideSolutionNode = FALSE
	EndGlobalSection
	GlobalSection(ExtensibilityGlobals) = postSolution
		SolutionGuid = {DEB46193-27A6-49AD-85F7-80407B8B994C}
	EndGlobalSection
EndGlobal
